// !$*UTF8*$!
{
	archiveVersion = 1;
	classes = {
	};
	objectVersion = 51;
	objects = {

/* Begin PBXBuildFile section */
		1B2F1E792357249D0066DC38 /* HousesTableViewController.swift in Sources */ = {isa = PBXBuildFile; fileRef = 1B2F1E782357249D0066DC38 /* HousesTableViewController.swift */; };
		1B9EE148235545A5001D77D7 /* AppDelegate.swift in Sources */ = {isa = PBXBuildFile; fileRef = 1B9EE147235545A5001D77D7 /* AppDelegate.swift */; };
		1B9EE14A235545A5001D77D7 /* SceneDelegate.swift in Sources */ = {isa = PBXBuildFile; fileRef = 1B9EE149235545A5001D77D7 /* SceneDelegate.swift */; };
		1B9EE14C235545A5001D77D7 /* LoginViewController.swift in Sources */ = {isa = PBXBuildFile; fileRef = 1B9EE14B235545A5001D77D7 /* LoginViewController.swift */; };
		1B9EE14F235545A5001D77D7 /* Main.storyboard in Resources */ = {isa = PBXBuildFile; fileRef = 1B9EE14D235545A5001D77D7 /* Main.storyboard */; };
		1B9EE152235545A5001D77D7 /* Water_Trax.xcdatamodeld in Sources */ = {isa = PBXBuildFile; fileRef = 1B9EE150235545A5001D77D7 /* Water_Trax.xcdatamodeld */; };
		1B9EE154235545A7001D77D7 /* Assets.xcassets in Resources */ = {isa = PBXBuildFile; fileRef = 1B9EE153235545A7001D77D7 /* Assets.xcassets */; };
		1B9EE157235545A7001D77D7 /* LaunchScreen.storyboard in Resources */ = {isa = PBXBuildFile; fileRef = 1B9EE155235545A7001D77D7 /* LaunchScreen.storyboard */; };
		673B1CCAB885579562284177 /* Pods_Water_Trax.framework in Frameworks */ = {isa = PBXBuildFile; fileRef = 3F7F0D62591621C0B8486483 /* Pods_Water_Trax.framework */; };
/* End PBXBuildFile section */

/* Begin PBXFileReference section */
		1B2F1E782357249D0066DC38 /* HousesTableViewController.swift */ = {isa = PBXFileReference; lastKnownFileType = sourcecode.swift; path = HousesTableViewController.swift; sourceTree = "<group>"; };
		1B9EE144235545A5001D77D7 /* WaterTrax.app */ = {isa = PBXFileReference; explicitFileType = wrapper.application; includeInIndex = 0; path = WaterTrax.app; sourceTree = BUILT_PRODUCTS_DIR; };
		1B9EE147235545A5001D77D7 /* AppDelegate.swift */ = {isa = PBXFileReference; lastKnownFileType = sourcecode.swift; path = AppDelegate.swift; sourceTree = "<group>"; };
		1B9EE149235545A5001D77D7 /* SceneDelegate.swift */ = {isa = PBXFileReference; lastKnownFileType = sourcecode.swift; path = SceneDelegate.swift; sourceTree = "<group>"; };
		1B9EE14B235545A5001D77D7 /* LoginViewController.swift */ = {isa = PBXFileReference; lastKnownFileType = sourcecode.swift; path = LoginViewController.swift; sourceTree = "<group>"; };
		1B9EE14E235545A5001D77D7 /* Base */ = {isa = PBXFileReference; lastKnownFileType = file.storyboard; name = Base; path = Base.lproj/Main.storyboard; sourceTree = "<group>"; };
		1B9EE151235545A5001D77D7 /* Water_Trax.xcdatamodel */ = {isa = PBXFileReference; lastKnownFileType = wrapper.xcdatamodel; path = Water_Trax.xcdatamodel; sourceTree = "<group>"; };
		1B9EE153235545A7001D77D7 /* Assets.xcassets */ = {isa = PBXFileReference; lastKnownFileType = folder.assetcatalog; path = Assets.xcassets; sourceTree = "<group>"; };
		1B9EE156235545A7001D77D7 /* Base */ = {isa = PBXFileReference; lastKnownFileType = file.storyboard; name = Base; path = Base.lproj/LaunchScreen.storyboard; sourceTree = "<group>"; };
		1B9EE158235545A7001D77D7 /* Info.plist */ = {isa = PBXFileReference; lastKnownFileType = text.plist.xml; path = Info.plist; sourceTree = "<group>"; };
		1CD0A8D1854A466C85B7EFB8 /* Pods-Water Trax.debug.xcconfig */ = {isa = PBXFileReference; includeInIndex = 1; lastKnownFileType = text.xcconfig; name = "Pods-Water Trax.debug.xcconfig"; path = "Target Support Files/Pods-Water Trax/Pods-Water Trax.debug.xcconfig"; sourceTree = "<group>"; };
		3C2845C23370F9E5FF890EB3 /* Pods-Water Trax.release.xcconfig */ = {isa = PBXFileReference; includeInIndex = 1; lastKnownFileType = text.xcconfig; name = "Pods-Water Trax.release.xcconfig"; path = "Target Support Files/Pods-Water Trax/Pods-Water Trax.release.xcconfig"; sourceTree = "<group>"; };
		3F7F0D62591621C0B8486483 /* Pods_Water_Trax.framework */ = {isa = PBXFileReference; explicitFileType = wrapper.framework; includeInIndex = 0; path = Pods_Water_Trax.framework; sourceTree = BUILT_PRODUCTS_DIR; };
		42A2D0B3222F84E68884F803 /* Pods_Water_Trax_Water_TraxUITests.framework */ = {isa = PBXFileReference; explicitFileType = wrapper.framework; includeInIndex = 0; path = Pods_Water_Trax_Water_TraxUITests.framework; sourceTree = BUILT_PRODUCTS_DIR; };
		538A1B6342A8A6DE33BCD19A /* Pods-Water Trax-Water TraxUITests.release.xcconfig */ = {isa = PBXFileReference; includeInIndex = 1; lastKnownFileType = text.xcconfig; name = "Pods-Water Trax-Water TraxUITests.release.xcconfig"; path = "Target Support Files/Pods-Water Trax-Water TraxUITests/Pods-Water Trax-Water TraxUITests.release.xcconfig"; sourceTree = "<group>"; };
		8C70CFCC3263B5939052FBAB /* Pods_Water_TraxTests.framework */ = {isa = PBXFileReference; explicitFileType = wrapper.framework; includeInIndex = 0; path = Pods_Water_TraxTests.framework; sourceTree = BUILT_PRODUCTS_DIR; };
		BA9AB5FC1B9E3F04B18FA6DF /* Pods-Water Trax-Water TraxUITests.debug.xcconfig */ = {isa = PBXFileReference; includeInIndex = 1; lastKnownFileType = text.xcconfig; name = "Pods-Water Trax-Water TraxUITests.debug.xcconfig"; path = "Target Support Files/Pods-Water Trax-Water TraxUITests/Pods-Water Trax-Water TraxUITests.debug.xcconfig"; sourceTree = "<group>"; };
		E4F46BD81E00519D9ECF6A17 /* Pods-Water TraxTests.release.xcconfig */ = {isa = PBXFileReference; includeInIndex = 1; lastKnownFileType = text.xcconfig; name = "Pods-Water TraxTests.release.xcconfig"; path = "Target Support Files/Pods-Water TraxTests/Pods-Water TraxTests.release.xcconfig"; sourceTree = "<group>"; };
		F4838213B772B259F56070D7 /* Pods-Water TraxTests.debug.xcconfig */ = {isa = PBXFileReference; includeInIndex = 1; lastKnownFileType = text.xcconfig; name = "Pods-Water TraxTests.debug.xcconfig"; path = "Target Support Files/Pods-Water TraxTests/Pods-Water TraxTests.debug.xcconfig"; sourceTree = "<group>"; };
/* End PBXFileReference section */

/* Begin PBXFrameworksBuildPhase section */
		1B9EE141235545A5001D77D7 /* Frameworks */ = {
			isa = PBXFrameworksBuildPhase;
			buildActionMask = 2147483647;
			files = (
				673B1CCAB885579562284177 /* Pods_Water_Trax.framework in Frameworks */,
			);
			runOnlyForDeploymentPostprocessing = 0;
		};
/* End PBXFrameworksBuildPhase section */

/* Begin PBXGroup section */
		1B572FF02355462D005C8649 /* Model */ = {
			isa = PBXGroup;
			children = (
			);
			path = Model;
			sourceTree = "<group>";
		};
		1B572FF12355468C005C8649 /* View */ = {
			isa = PBXGroup;
			children = (
				1B9EE14D235545A5001D77D7 /* Main.storyboard */,
			);
			path = View;
			sourceTree = "<group>";
		};
		1B572FF22355469D005C8649 /* Controller */ = {
			isa = PBXGroup;
			children = (
				1B9EE14B235545A5001D77D7 /* LoginViewController.swift */,
				1B2F1E782357249D0066DC38 /* HousesTableViewController.swift */,
			);
			path = Controller;
			sourceTree = "<group>";
		};
		1B9EE13B235545A5001D77D7 = {
			isa = PBXGroup;
			children = (
				1B9EE146235545A5001D77D7 /* Water Trax */,
				1B9EE145235545A5001D77D7 /* Products */,
				DA3ED3E5BBFEEDA978BAAAD6 /* Pods */,
				F7180BC2C314A3FA2F906FB1 /* Frameworks */,
			);
			sourceTree = "<group>";
		};
		1B9EE145235545A5001D77D7 /* Products */ = {
			isa = PBXGroup;
			children = (
				1B9EE144235545A5001D77D7 /* WaterTrax.app */,
			);
			name = Products;
			sourceTree = "<group>";
		};
		1B9EE146235545A5001D77D7 /* Water Trax */ = {
			isa = PBXGroup;
			children = (
				1B9EE149235545A5001D77D7 /* SceneDelegate.swift */,
				1B9EE147235545A5001D77D7 /* AppDelegate.swift */,
				1B572FF02355462D005C8649 /* Model */,
				1B572FF12355468C005C8649 /* View */,
				1B572FF22355469D005C8649 /* Controller */,
				1B9EE150235545A5001D77D7 /* Water_Trax.xcdatamodeld */,
				1B9EE153235545A7001D77D7 /* Assets.xcassets */,
				1B9EE155235545A7001D77D7 /* LaunchScreen.storyboard */,
				1B9EE158235545A7001D77D7 /* Info.plist */,
			);
			path = "Water Trax";
			sourceTree = "<group>";
		};
		DA3ED3E5BBFEEDA978BAAAD6 /* Pods */ = {
			isa = PBXGroup;
			children = (
				1CD0A8D1854A466C85B7EFB8 /* Pods-Water Trax.debug.xcconfig */,
				3C2845C23370F9E5FF890EB3 /* Pods-Water Trax.release.xcconfig */,
				BA9AB5FC1B9E3F04B18FA6DF /* Pods-Water Trax-Water TraxUITests.debug.xcconfig */,
				538A1B6342A8A6DE33BCD19A /* Pods-Water Trax-Water TraxUITests.release.xcconfig */,
				F4838213B772B259F56070D7 /* Pods-Water TraxTests.debug.xcconfig */,
				E4F46BD81E00519D9ECF6A17 /* Pods-Water TraxTests.release.xcconfig */,
			);
			path = Pods;
			sourceTree = "<group>";
		};
		F7180BC2C314A3FA2F906FB1 /* Frameworks */ = {
			isa = PBXGroup;
			children = (
				3F7F0D62591621C0B8486483 /* Pods_Water_Trax.framework */,
				42A2D0B3222F84E68884F803 /* Pods_Water_Trax_Water_TraxUITests.framework */,
				8C70CFCC3263B5939052FBAB /* Pods_Water_TraxTests.framework */,
			);
			name = Frameworks;
			sourceTree = "<group>";
		};
/* End PBXGroup section */

/* Begin PBXNativeTarget section */
		1B9EE143235545A5001D77D7 /* Water Trax */ = {
			isa = PBXNativeTarget;
			buildConfigurationList = 1B9EE171235545A8001D77D7 /* Build configuration list for PBXNativeTarget "Water Trax" */;
			buildPhases = (
				9AB692A6464B4BED1D48043F /* [CP] Check Pods Manifest.lock */,
				1B9EE140235545A5001D77D7 /* Sources */,
				1B9EE141235545A5001D77D7 /* Frameworks */,
				1B9EE142235545A5001D77D7 /* Resources */,
				4BD9D44C515B81C24EC1AD93 /* [CP] Embed Pods Frameworks */,
			);
			buildRules = (
			);
			dependencies = (
			);
			name = "Water Trax";
			productName = "Water Trax";
			productReference = 1B9EE144235545A5001D77D7 /* WaterTrax.app */;
			productType = "com.apple.product-type.application";
		};
/* End PBXNativeTarget section */

/* Begin PBXProject section */
		1B9EE13C235545A5001D77D7 /* Project object */ = {
			isa = PBXProject;
			attributes = {
				LastSwiftUpdateCheck = 1110;
				LastUpgradeCheck = 1110;
				ORGANIZATIONNAME = DJAY;
				TargetAttributes = {
					1B9EE143235545A5001D77D7 = {
						CreatedOnToolsVersion = 11.1;
					};
				};
			};
			buildConfigurationList = 1B9EE13F235545A5001D77D7 /* Build configuration list for PBXProject "Water Trax" */;
			compatibilityVersion = "Xcode 9.3";
			developmentRegion = en;
			hasScannedForEncodings = 0;
			knownRegions = (
				en,
				Base,
			);
			mainGroup = 1B9EE13B235545A5001D77D7;
			productRefGroup = 1B9EE145235545A5001D77D7 /* Products */;
			projectDirPath = "";
			projectRoot = "";
			targets = (
				1B9EE143235545A5001D77D7 /* Water Trax */,
			);
		};
/* End PBXProject section */

/* Begin PBXResourcesBuildPhase section */
		1B9EE142235545A5001D77D7 /* Resources */ = {
			isa = PBXResourcesBuildPhase;
			buildActionMask = 2147483647;
			files = (
				1B9EE157235545A7001D77D7 /* LaunchScreen.storyboard in Resources */,
				1B9EE154235545A7001D77D7 /* Assets.xcassets in Resources */,
				1B9EE14F235545A5001D77D7 /* Main.storyboard in Resources */,
			);
			runOnlyForDeploymentPostprocessing = 0;
		};
/* End PBXResourcesBuildPhase section */

/* Begin PBXShellScriptBuildPhase section */
		4BD9D44C515B81C24EC1AD93 /* [CP] Embed Pods Frameworks */ = {
			isa = PBXShellScriptBuildPhase;
			buildActionMask = 2147483647;
			files = (
			);
			inputFileListPaths = (
				"${PODS_ROOT}/Target Support Files/Pods-Water Trax/Pods-Water Trax-frameworks-${CONFIGURATION}-input-files.xcfilelist",
			);
			name = "[CP] Embed Pods Frameworks";
			outputFileListPaths = (
				"${PODS_ROOT}/Target Support Files/Pods-Water Trax/Pods-Water Trax-frameworks-${CONFIGURATION}-output-files.xcfilelist",
			);
			runOnlyForDeploymentPostprocessing = 0;
			shellPath = /bin/sh;
			shellScript = "\"${PODS_ROOT}/Target Support Files/Pods-Water Trax/Pods-Water Trax-frameworks.sh\"\n";
			showEnvVarsInLog = 0;
		};
		9AB692A6464B4BED1D48043F /* [CP] Check Pods Manifest.lock */ = {
			isa = PBXShellScriptBuildPhase;
			buildActionMask = 2147483647;
			files = (
			);
			inputFileListPaths = (
			);
			inputPaths = (
				"${PODS_PODFILE_DIR_PATH}/Podfile.lock",
				"${PODS_ROOT}/Manifest.lock",
			);
			name = "[CP] Check Pods Manifest.lock";
			outputFileListPaths = (
			);
			outputPaths = (
				"$(DERIVED_FILE_DIR)/Pods-Water Trax-checkManifestLockResult.txt",
			);
			runOnlyForDeploymentPostprocessing = 0;
			shellPath = /bin/sh;
			shellScript = "diff \"${PODS_PODFILE_DIR_PATH}/Podfile.lock\" \"${PODS_ROOT}/Manifest.lock\" > /dev/null\nif [ $? != 0 ] ; then\n    # print error to STDERR\n    echo \"error: The sandbox is not in sync with the Podfile.lock. Run 'pod install' or update your CocoaPods installation.\" >&2\n    exit 1\nfi\n# This output is used by Xcode 'outputs' to avoid re-running this script phase.\necho \"SUCCESS\" > \"${SCRIPT_OUTPUT_FILE_0}\"\n";
			showEnvVarsInLog = 0;
		};
/* End PBXShellScriptBuildPhase section */

/* Begin PBXSourcesBuildPhase section */
		1B9EE140235545A5001D77D7 /* Sources */ = {
			isa = PBXSourcesBuildPhase;
			buildActionMask = 2147483647;
			files = (
				1B2F1E792357249D0066DC38 /* HousesTableViewController.swift in Sources */,
				1B9EE152235545A5001D77D7 /* Water_Trax.xcdatamodeld in Sources */,
				1B9EE14C235545A5001D77D7 /* LoginViewController.swift in Sources */,
				1B9EE148235545A5001D77D7 /* AppDelegate.swift in Sources */,
				1B9EE14A235545A5001D77D7 /* SceneDelegate.swift in Sources */,
			);
			runOnlyForDeploymentPostprocessing = 0;
		};
/* End PBXSourcesBuildPhase section */

/* Begin PBXVariantGroup section */
		1B9EE14D235545A5001D77D7 /* Main.storyboard */ = {
			isa = PBXVariantGroup;
			children = (
				1B9EE14E235545A5001D77D7 /* Base */,
			);
			name = Main.storyboard;
			sourceTree = "<group>";
		};
		1B9EE155235545A7001D77D7 /* LaunchScreen.storyboard */ = {
			isa = PBXVariantGroup;
			children = (
				1B9EE156235545A7001D77D7 /* Base */,
			);
			name = LaunchScreen.storyboard;
			sourceTree = "<group>";
		};
/* End PBXVariantGroup section */

/* Begin XCBuildConfiguration section */
		1B9EE16F235545A8001D77D7 /* Debug */ = {
			isa = XCBuildConfiguration;
			buildSettings = {
				ALWAYS_SEARCH_USER_PATHS = NO;
				CLANG_ANALYZER_NONNULL = YES;
				CLANG_ANALYZER_NUMBER_OBJECT_CONVERSION = YES_AGGRESSIVE;
				CLANG_CXX_LANGUAGE_STANDARD = "gnu++14";
				CLANG_CXX_LIBRARY = "libc++";
				CLANG_ENABLE_MODULES = YES;
				CLANG_ENABLE_OBJC_ARC = YES;
				CLANG_ENABLE_OBJC_WEAK = YES;
				CLANG_WARN_BLOCK_CAPTURE_AUTORELEASING = YES;
				CLANG_WARN_BOOL_CONVERSION = YES;
				CLANG_WARN_COMMA = YES;
				CLANG_WARN_CONSTANT_CONVERSION = YES;
				CLANG_WARN_DEPRECATED_OBJC_IMPLEMENTATIONS = YES;
				CLANG_WARN_DIRECT_OBJC_ISA_USAGE = YES_ERROR;
				CLANG_WARN_DOCUMENTATION_COMMENTS = YES;
				CLANG_WARN_EMPTY_BODY = YES;
				CLANG_WARN_ENUM_CONVERSION = YES;
				CLANG_WARN_INFINITE_RECURSION = YES;
				CLANG_WARN_INT_CONVERSION = YES;
				CLANG_WARN_NON_LITERAL_NULL_CONVERSION = YES;
				CLANG_WARN_OBJC_IMPLICIT_RETAIN_SELF = YES;
				CLANG_WARN_OBJC_LITERAL_CONVERSION = YES;
				CLANG_WARN_OBJC_ROOT_CLASS = YES_ERROR;
				CLANG_WARN_RANGE_LOOP_ANALYSIS = YES;
				CLANG_WARN_STRICT_PROTOTYPES = YES;
				CLANG_WARN_SUSPICIOUS_MOVE = YES;
				CLANG_WARN_UNGUARDED_AVAILABILITY = YES_AGGRESSIVE;
				CLANG_WARN_UNREACHABLE_CODE = YES;
				CLANG_WARN__DUPLICATE_METHOD_MATCH = YES;
				COPY_PHASE_STRIP = NO;
				DEBUG_INFORMATION_FORMAT = dwarf;
				ENABLE_STRICT_OBJC_MSGSEND = YES;
				ENABLE_TESTABILITY = YES;
				GCC_C_LANGUAGE_STANDARD = gnu11;
				GCC_DYNAMIC_NO_PIC = NO;
				GCC_NO_COMMON_BLOCKS = YES;
				GCC_OPTIMIZATION_LEVEL = 0;
				GCC_PREPROCESSOR_DEFINITIONS = (
					"DEBUG=1",
					"$(inherited)",
				);
				GCC_WARN_64_TO_32_BIT_CONVERSION = YES;
				GCC_WARN_ABOUT_RETURN_TYPE = YES_ERROR;
				GCC_WARN_UNDECLARED_SELECTOR = YES;
				GCC_WARN_UNINITIALIZED_AUTOS = YES_AGGRESSIVE;
				GCC_WARN_UNUSED_FUNCTION = YES;
				GCC_WARN_UNUSED_VARIABLE = YES;
				IPHONEOS_DEPLOYMENT_TARGET = 13.1;
				MTL_ENABLE_DEBUG_INFO = INCLUDE_SOURCE;
				MTL_FAST_MATH = YES;
				ONLY_ACTIVE_ARCH = YES;
				SDKROOT = iphoneos;
				SWIFT_ACTIVE_COMPILATION_CONDITIONS = DEBUG;
				SWIFT_OPTIMIZATION_LEVEL = "-Onone";
			};
			name = Debug;
		};
		1B9EE170235545A8001D77D7 /* Release */ = {
			isa = XCBuildConfiguration;
			buildSettings = {
				ALWAYS_SEARCH_USER_PATHS = NO;
				CLANG_ANALYZER_NONNULL = YES;
				CLANG_ANALYZER_NUMBER_OBJECT_CONVERSION = YES_AGGRESSIVE;
				CLANG_CXX_LANGUAGE_STANDARD = "gnu++14";
				CLANG_CXX_LIBRARY = "libc++";
				CLANG_ENABLE_MODULES = YES;
				CLANG_ENABLE_OBJC_ARC = YES;
				CLANG_ENABLE_OBJC_WEAK = YES;
				CLANG_WARN_BLOCK_CAPTURE_AUTORELEASING = YES;
				CLANG_WARN_BOOL_CONVERSION = YES;
				CLANG_WARN_COMMA = YES;
				CLANG_WARN_CONSTANT_CONVERSION = YES;
				CLANG_WARN_DEPRECATED_OBJC_IMPLEMENTATIONS = YES;
				CLANG_WARN_DIRECT_OBJC_ISA_USAGE = YES_ERROR;
				CLANG_WARN_DOCUMENTATION_COMMENTS = YES;
				CLANG_WARN_EMPTY_BODY = YES;
				CLANG_WARN_ENUM_CONVERSION = YES;
				CLANG_WARN_INFINITE_RECURSION = YES;
				CLANG_WARN_INT_CONVERSION = YES;
				CLANG_WARN_NON_LITERAL_NULL_CONVERSION = YES;
				CLANG_WARN_OBJC_IMPLICIT_RETAIN_SELF = YES;
				CLANG_WARN_OBJC_LITERAL_CONVERSION = YES;
				CLANG_WARN_OBJC_ROOT_CLASS = YES_ERROR;
				CLANG_WARN_RANGE_LOOP_ANALYSIS = YES;
				CLANG_WARN_STRICT_PROTOTYPES = YES;
				CLANG_WARN_SUSPICIOUS_MOVE = YES;
				CLANG_WARN_UNGUARDED_AVAILABILITY = YES_AGGRESSIVE;
				CLANG_WARN_UNREACHABLE_CODE = YES;
				CLANG_WARN__DUPLICATE_METHOD_MATCH = YES;
				COPY_PHASE_STRIP = NO;
				DEBUG_INFORMATION_FORMAT = "dwarf-with-dsym";
				ENABLE_NS_ASSERTIONS = NO;
				ENABLE_STRICT_OBJC_MSGSEND = YES;
				GCC_C_LANGUAGE_STANDARD = gnu11;
				GCC_NO_COMMON_BLOCKS = YES;
				GCC_WARN_64_TO_32_BIT_CONVERSION = YES;
				GCC_WARN_ABOUT_RETURN_TYPE = YES_ERROR;
				GCC_WARN_UNDECLARED_SELECTOR = YES;
				GCC_WARN_UNINITIALIZED_AUTOS = YES_AGGRESSIVE;
				GCC_WARN_UNUSED_FUNCTION = YES;
				GCC_WARN_UNUSED_VARIABLE = YES;
				IPHONEOS_DEPLOYMENT_TARGET = 13.1;
				MTL_ENABLE_DEBUG_INFO = NO;
				MTL_FAST_MATH = YES;
				SDKROOT = iphoneos;
				SWIFT_COMPILATION_MODE = wholemodule;
				SWIFT_OPTIMIZATION_LEVEL = "-O";
				VALIDATE_PRODUCT = YES;
			};
			name = Release;
		};
		1B9EE172235545A8001D77D7 /* Debug */ = {
			isa = XCBuildConfiguration;
			baseConfigurationReference = 1CD0A8D1854A466C85B7EFB8 /* Pods-Water Trax.debug.xcconfig */;
			buildSettings = {
				ASSETCATALOG_COMPILER_APPICON_NAME = AppIcon;
				CODE_SIGN_STYLE = Automatic;
				DEVELOPMENT_TEAM = AAH7D59VBU;
				INFOPLIST_FILE = "Water Trax/Info.plist";
				LD_RUNPATH_SEARCH_PATHS = (
					"$(inherited)",
					"@executable_path/Frameworks",
				);
				PRODUCT_BUNDLE_IDENTIFIER = "com.DJAY.Water-Trax";
				PRODUCT_NAME = WaterTrax;
				SWIFT_VERSION = 5.0;
				TARGETED_DEVICE_FAMILY = 1;
			};
			name = Debug;
		};
		1B9EE173235545A8001D77D7 /* Release */ = {
			isa = XCBuildConfiguration;
			baseConfigurationReference = 3C2845C23370F9E5FF890EB3 /* Pods-Water Trax.release.xcconfig */;
			buildSettings = {
				ASSETCATALOG_COMPILER_APPICON_NAME = AppIcon;
				CODE_SIGN_STYLE = Automatic;
				DEVELOPMENT_TEAM = AAH7D59VBU;
				INFOPLIST_FILE = "Water Trax/Info.plist";
				LD_RUNPATH_SEARCH_PATHS = (
					"$(inherited)",
					"@executable_path/Frameworks",
				);
				PRODUCT_BUNDLE_IDENTIFIER = "com.DJAY.Water-Trax";
				PRODUCT_NAME = WaterTrax;
				SWIFT_VERSION = 5.0;
				TARGETED_DEVICE_FAMILY = 1;
			};
			name = Release;
		};
/* End XCBuildConfiguration section */

/* Begin XCConfigurationList section */
		1B9EE13F235545A5001D77D7 /* Build configuration list for PBXProject "Water Trax" */ = {
			isa = XCConfigurationList;
			buildConfigurations = (
				1B9EE16F235545A8001D77D7 /* Debug */,
				1B9EE170235545A8001D77D7 /* Release */,
			);
			defaultConfigurationIsVisible = 0;
			defaultConfigurationName = Release;
		};
		1B9EE171235545A8001D77D7 /* Build configuration list for PBXNativeTarget "Water Trax" */ = {
			isa = XCConfigurationList;
			buildConfigurations = (
				1B9EE172235545A8001D77D7 /* Debug */,
				1B9EE173235545A8001D77D7 /* Release */,
			);
			defaultConfigurationIsVisible = 0;
			defaultConfigurationName = Release;
		};
/* End XCConfigurationList section */

/* Begin XCVersionGroup section */
		1B9EE150235545A5001D77D7 /* Water_Trax.xcdatamodeld */ = {
			isa = XCVersionGroup;
			children = (
				1B9EE151235545A5001D77D7 /* Water_Trax.xcdatamodel */,
			);
			currentVersion = 1B9EE151235545A5001D77D7 /* Water_Trax.xcdatamodel */;
			path = Water_Trax.xcdatamodeld;
			sourceTree = "<group>";
			versionGroupType = wrapper.xcdatamodel;
		};
/* End XCVersionGroup section */
	};
	rootObject = 1B9EE13C235545A5001D77D7 /* Project object */;
}
